
Microsoft Visual Studio Solution File, Format Version 12.00
# Visual Studio Version 17
VisualStudioVersion = 17.6.33815.320
MinimumVisualStudioVersion = 10.0.40219.1
Project("{9A19103F-16F7-4668-BE54-9A1E7A4F7556}") = "GeotecnologiaKNS", "GeotecnologiaKNS.csproj", "{6B6F7C65-5F9F-4789-9B2B-EF14ACEB9068}"
EndProject
Global
	GlobalSection(SolutionConfigurationPlatforms) = preSolution
		Debug|Any CPU = Debug|Any CPU
		Release|Any CPU = Release|Any CPU
	EndGlobalSection
	GlobalSection(ProjectConfigurationPlatforms) = postSolution
		{6B6F7C65-5F9F-4789-9B2B-EF14ACEB9068}.Debug|Any CPU.ActiveCfg = Debug|Any CPU
		{6B6F7C65-5F9F-4789-9B2B-EF14ACEB9068}.Debug|Any CPU.Build.0 = Debug|Any CPU
		{6B6F7C65-5F9F-4789-9B2B-EF14ACEB9068}.Release|Any CPU.ActiveCfg = Release|Any CPU
		{6B6F7C65-5F9F-4789-9B2B-EF14ACEB9068}.Release|Any CPU.Build.0 = Release|Any CPU
	EndGlobalSection
	GlobalSection(SolutionProperties) = preSolution
		HideSolutionNode = FALSE
	EndGlobalSection
	GlobalSection(ExtensibilityGlobals) = postSolution
		SolutionGuid = {B9C04D87-FC57-46A9-A786-7882B28BB8CA}
	EndGlobalSection
EndGlobal
